lockVersion: 2.0.0
id: aefbfd95-3898-417a-81f2-07292e60b44f
management:
  docChecksum: b5c7892e51cfdeae23052af1973f0139
  docVersion: "1.0"
  speakeasyVersion: 1.724.1
  generationVersion: 2.836.5
  releaseVersion: 0.0.12
  configChecksum: cc47e45c0ead13a7e00dcec9bc5ac5d2
persistentEdits:
  generation_id: 20236270-78ea-4df8-a59e-7e58a08d1e7e
  pristine_commit_hash: 19aed436c7ac2fb70c6968656da017446e7d0020
  pristine_tree_hash: a5061fedb8d0d59fe8e7a0aef50c6319425bf0c3
features:
  mcp-typescript:
    additionalDependencies: 0.1.0
    core: 1.2.12
    defaultEnabledRetries: 0.1.0
    globalSecurityCallbacks: 0.0.0
    globalServerURLs: 0.1.1
    responseFormat: 0.1.1
    retries: 0.1.0
    sdkHooks: 0.3.0
trackedFiles:
  .dxtignore:
    id: 0ee1c4f92736
    last_write_checksum: sha1:0cbab1b303d9060f6324f6a9cddabe13c2cfa7c9
    pristine_git_object: 21eeace1d85822ffb013f6c0667a19f35c33cee0
  .gitattributes:
    id: 24139dae6567
    last_write_checksum: sha1:26d16d8297b104945139da8c25bd38feeaad3e25
    pristine_git_object: 113eead5093c17d43a46159132885318f281a68a
  .npmignore:
    id: aa70c1f807c3
    last_write_checksum: sha1:31ba03a712796b133695c4c410504b6824e09506
    pristine_git_object: 146d4cc4e80691410519da81c141ce381d30c265
  eslint.config.mjs:
    id: 461c8d07f6da
    last_write_checksum: sha1:576025302d3d8650f37276bc9075f6ade3842cc7
    pristine_git_object: 4f9e60a9462fc4def738d60c3aaadf8232ef185f
  manifest.json:
    id: ca642a226869
    last_write_checksum: sha1:85a382e3e07a17cafa9a2586fec2bf0b7d5e78fb
    pristine_git_object: af4a0e5f414022b51fc90e4d4c6e4f78fd763082
  package.json:
    id: 7030d0b2f71b
    last_write_checksum: sha1:7b922f625626cc78d79104edb38421a4d568f4a9
    pristine_git_object: aa7f96880ea96669b02e4db6b3eb73eef19887f1
  src/core.ts:
    id: f431fdbcd144
    last_write_checksum: sha1:b8bee26e217d2a6cef11b011884a3e6ca4fa471a
    pristine_git_object: 350b297ef7a3e282f7b6d6def78c7f6e9c20595c
  src/funcs/getInsightsLiquidation.ts:
    id: 4cbc0068023c
    last_write_checksum: sha1:9a43af2b7890f5ac79bd13067618cbd077243105
    pristine_git_object: e63181338e5f4e8b903c6bd43dcf0b26c6c7b579
  src/funcs/getInsightsLpBounds.ts:
    id: b46e418fc124
    last_write_checksum: sha1:b58da57fffdd977d20234748e9af8c9b1148815a
    pristine_git_object: fff790d3a74ca1a28a0a78752dd0ddff5aecec70
  src/funcs/getInsightsLpProbabilities.ts:
    id: 294a644ad66c
    last_write_checksum: sha1:8070496bcbaecf70ed4f7a31b8e82a896185c09f
    pristine_git_object: 895d7f13ad7d6d9bb5827d77d4532c583a40a369
  src/funcs/getInsightsOptionPricing.ts:
    id: 8851f887a8f2
    last_write_checksum: sha1:90b9ecf65c14af275f2d012d8f9b0599e4675291
    pristine_git_object: 10f4d569c8de45d4b670caf8536772e24454ec8a
  src/funcs/getInsightsPolymarketRange.ts:
    id: ca0d759efa03
    last_write_checksum: sha1:5e45e135a6fe42f71267ec98288804bf2489e4c7
    pristine_git_object: c0fdfa17f9f8382bd199dedf8be7c1b8f047f803
  src/funcs/getInsightsPolymarketUpDownDaily.ts:
    id: ef191c6656c9
    last_write_checksum: sha1:0169d594b4c52e7e8097bad2af7aeacf6cea0437
    pristine_git_object: e33f313d1b8b41fccb72441c946d53565e56c4de
  src/funcs/getInsightsPolymarketUpDownHourly.ts:
    id: e9e94a5dc60c
    last_write_checksum: sha1:30bcd469ffac1a75118776f819436a4557491449
    pristine_git_object: 91338bf45ae3e9e1f7579499da44544cd5d19711
  src/funcs/getInsightsVolatility.ts:
    id: a7a7c9b3a923
    last_write_checksum: sha1:50b1aaa3c7d3f3ce35ccddbf8c562c18e24b891f
    pristine_git_object: fa6adce1c48c9d34c2a3d5949f4156f0a8041b82
  src/funcs/getPredictionPercentiles.ts:
    id: 16dab8c4ec54
    last_write_checksum: sha1:b78a18c1ca7bc642126316c02ab44b3d7ddcbbd9
    pristine_git_object: f28321b61d720b7a359aa6219fdd8a2eff8280e3
  src/hooks/hooks.ts:
    id: a2463fc6f69b
    last_write_checksum: sha1:36c7bf5c31e0986fba9e0f9db28a769be7904ffd
    pristine_git_object: 28c90f854c4e8bba492d873d391ea8d68ca6e009
  src/hooks/types.ts:
    id: 2a02d86ec24f
    last_write_checksum: sha1:622c2ac820271766bc4010bfc3904738c4c5ed0f
    pristine_git_object: ccd5e5d812cb4d21a1013c89f04daad9d2f72190
  src/landing-page.ts:
    id: ef64a6ee46d7
    last_write_checksum: sha1:fd21dc40bdc3c41f97165914e0939e45f1db74b6
    pristine_git_object: 6928df88fadf973afa133a611609964572eb6af6
  src/lib/base64.ts:
    id: "598522066688"
    last_write_checksum: sha1:716fa8938b85035068c8bc0586e92aa17f8e21a2
    pristine_git_object: b45f432798e2151eee7f6eb4df628b7310942c01
  src/lib/config.ts:
    id: 320761608fb3
    last_write_checksum: sha1:f7690d1cfd787bf64f885e9367a2591b0221ed3a
    pristine_git_object: ce43770d8d209fe54eefed8619536c517f7524cc
  src/lib/dlv.ts:
    id: b1988214835a
    last_write_checksum: sha1:eaac763b22717206a6199104e0403ed17a4e2711
    pristine_git_object: f4c75aca30d4e0610454c7836af262a5a0cf7623
  src/lib/encodings.ts:
    id: 3bd8ead98afd
    last_write_checksum: sha1:6fbce844e6413bda897f0699082fcb783cc34315
    pristine_git_object: d8094ba6eebccd9fd99f6e8163905b8e4db3c08a
  src/lib/env.ts:
    id: c52972a3b198
    last_write_checksum: sha1:66ce84cd3327cbdfcdfc5495300bcea25bc5979f
    pristine_git_object: 035fbd660ec169895ee1069a86e6f8afb2f9c4b9
  src/lib/files.ts:
    id: e5efa54fcb95
    last_write_checksum: sha1:8818f0bb05afac75b9a39f22989296cc0722909d
    pristine_git_object: 457f4cedbcb15d70595b1d3083ee3289e8105fe2
  src/lib/http.ts:
    id: 63a80782d37e
    last_write_checksum: sha1:e60a1f9c9ffffd11bcf7fd47e51ac93f4ec1ba2d
    pristine_git_object: 326ee1a058794d1388fbb80359df9cb21e58566e
  src/lib/is-plain-object.ts:
    id: b9862591096a
    last_write_checksum: sha1:7d043eeb4ab74f94b84076f2cd455e589ad0d7c5
    pristine_git_object: 096b49bf45db19c025e039486f55c6acfb021e81
  src/lib/logger.ts:
    id: 7ee7741a02bf
    last_write_checksum: sha1:6615bc573f4a3922bb6c8cf8080142d9d8afd1ef
    pristine_git_object: 323f1895a0266be873f16a924dd58fa500dc97e5
  src/lib/primitives.ts:
    id: 74859f750b28
    last_write_checksum: sha1:6e736987cdaa38fc76c18eba0cdc35bef102bb71
    pristine_git_object: 8d6cffcba5157f4c7949e59f9f0308adbbb50dea
  src/lib/result.ts:
    id: ab7a4c1c4c71
    last_write_checksum: sha1:340784be0370913e690ee044b6b872b526d80b55
    pristine_git_object: 6b5dcf6034b947b7fc8c0e556adaf0d5c521049d
  src/lib/retries.ts:
    id: b24a69d15639
    last_write_checksum: sha1:016edbbc4d9ac3b0be7760e034334e7bd7283a77
    pristine_git_object: 0059a5eb667527ef7ec58c24c9f95b634f3c992f
  src/lib/schemas.ts:
    id: deb4b531fae1
    last_write_checksum: sha1:535b186219f7ab21771f0df73026d3724537f03b
    pristine_git_object: c05ed79db28f51121a621e195842e64aaf85f755
  src/lib/sdks.ts:
    id: 8a6d91f1218d
    last_write_checksum: sha1:4833542869a29b9480ad0c4aeaa679d7090b78c4
    pristine_git_object: 75204e6561c1fda610676125a4456596983529fd
  src/lib/security.ts:
    id: 0502afa7922e
    last_write_checksum: sha1:04b46caaf72acc1c73748bcb54ba0909e115f0a4
    pristine_git_object: 5297ee335e025685540f559054b08c929937ff68
  src/lib/url.ts:
    id: b0057e24ed76
    last_write_checksum: sha1:f4b6ce0ff024f800fa438fb082f8f7faae50172c
    pristine_git_object: 46b8b36297b90de55ad6a273f6cc26e4cb227261
  src/mcp-server/build.mts:
    id: f7a2ed2de4d7
    last_write_checksum: sha1:9f98fe2b333bd6211cfffa008a9b6ee95d523596
    pristine_git_object: e8114fbaed6521c628b7cf58a22cdb65e61a5483
  src/mcp-server/cli.ts:
    id: 4ade0ef98b00
    last_write_checksum: sha1:328ffc5ed0eca56509bf2828264c3b2c87926e09
    pristine_git_object: ed4a1808d7da14f0f0bb0cf27cc7eb7414a3182c
  src/mcp-server/cli/start/command.ts:
    id: b3e53408ccb4
    last_write_checksum: sha1:8201bb27d0a8ade03cf07d2428da4bcd4c19de89
    pristine_git_object: 6daa70b595cfd2c92b076cd14005f115c592af8d
  src/mcp-server/cli/start/impl.ts:
    id: 37494f674015
    last_write_checksum: sha1:6650a8adef658382b1565aabc30afc02697cb25f
    pristine_git_object: 797556d522b778632561303e57d45d8f4c98cfbe
  src/mcp-server/console-logger.ts:
    id: 57aff4ff2e15
    last_write_checksum: sha1:92b145078aa234abdc2523fe335a6fab14423a6d
    pristine_git_object: f063cef82b992553f4d9dc87a88202726df01be9
  src/mcp-server/extensions.ts:
    id: 3d9d20ff158f
    last_write_checksum: sha1:51ad5c4f9db1bd812cdd8270001773ac13b30353
    pristine_git_object: d0ea2e4a0dda5e6e3f692eb41a69de174eb66d89
  src/mcp-server/flags.ts:
    id: 0167e624a516
    last_write_checksum: sha1:683bccca17ad0765766b3789c01b325ca2b4ff11
    pristine_git_object: cdc4b29578f38417d67b16a5866460c43c9b81a6
  src/mcp-server/mcp-server.ts:
    id: aabbc4ab07c1
    last_write_checksum: sha1:c704dd2a973a6144bcd8d9e54c634dcad4494f88
    pristine_git_object: fead75e2808edc291a8dc7ea0a44757838509456
  src/mcp-server/prompts.ts:
    id: 26f3d73cbf31
    last_write_checksum: sha1:73fbd9fa7c8c4c8be08b0ae4de74243fb225ce92
    pristine_git_object: cdd76a9b0ca4561a25c4fd68ccb9aa9867dcd2ec
  src/mcp-server/resources.ts:
    id: cb0c57ebeaea
    last_write_checksum: sha1:ab4192da37b7a0f4174ba685bb8a63b4b5353f24
    pristine_git_object: dacbd84f884ace44cf40b95af77a2c73b8efba70
  src/mcp-server/scopes.ts:
    id: 8966d24256b2
    last_write_checksum: sha1:5d7f452efc469fe7a5039f5542caaaee43a6667f
    pristine_git_object: 524b864b4a0d515386ff3f42ed22463827039c06
  src/mcp-server/server.ts:
    id: 2784dd48e82a
    last_write_checksum: sha1:393d9082cd23a039ef9e84ebbb04160dc81d9ab0
    pristine_git_object: 9a1148fd29f102590f313bca78736558bed116d8
  src/mcp-server/shared.ts:
    id: 074e80d4be1e
    last_write_checksum: sha1:89d816c34ea71049cbf484f9704239e5372858f1
    pristine_git_object: de2973d0d371eb329d41e23de6da3c0b04524ec6
  src/mcp-server/tools.ts:
    id: 654d5d1f2062
    last_write_checksum: sha1:475641ec228d72660d1442c661b82683f76bb313
    pristine_git_object: 06096329a74a12b7a97d4332918cbb88e6783ac6
  src/mcp-server/tools/getInsightsLiquidation.ts:
    id: 836207daae21
    last_write_checksum: sha1:4009375aaa3976da7eb697b66dd3ee70881cbbaa
    pristine_git_object: 1414d62d113235b6b519da548c552ba2059b8ff1
  src/mcp-server/tools/getInsightsLpBounds.ts:
    id: dfed045b7d32
    last_write_checksum: sha1:c566b45540960726d49cfded0ef7ae51466e7d1f
    pristine_git_object: b56ec473e3e94d66c0163f4c371ead26b9c99c03
  src/mcp-server/tools/getInsightsLpProbabilities.ts:
    id: 36dd8388723b
    last_write_checksum: sha1:23dd8990ff10202f8944f3f6f4e1de01eaa688db
    pristine_git_object: 33ad87e566284663b14bcb69d7b9e72324102945
  src/mcp-server/tools/getInsightsOptionPricing.ts:
    id: 87a055b0d027
    last_write_checksum: sha1:f2dcb04fbaa8440333d96e9f6f8f330d5f3a4181
    pristine_git_object: 724dcc72de52fc861000b7f675cd941ffb17e899
  src/mcp-server/tools/getInsightsPolymarketRange.ts:
    id: 1eb8cd660eb1
    last_write_checksum: sha1:3ee4db5e133b5c222a746e33710752487002c8e2
    pristine_git_object: 51ae07ffa22ec03041d628c8d9454e0ce113fad5
  src/mcp-server/tools/getInsightsPolymarketUpDownDaily.ts:
    id: 68d48f874d49
    last_write_checksum: sha1:229697151ccc8ef91ffb4c39dbacf3fea5d4676b
    pristine_git_object: 1a679a3c072dccdb88e10e598fe18919a8e0e244
  src/mcp-server/tools/getInsightsPolymarketUpDownHourly.ts:
    id: f9c78bf6a832
    last_write_checksum: sha1:28a1d49ca558294e50d77d18aa61fbbd88b3b781
    pristine_git_object: 6f908e3cadf4db6b4065a074af8059f680b174a1
  src/mcp-server/tools/getInsightsVolatility.ts:
    id: 236e430e069f
    last_write_checksum: sha1:1fe5c7aa0ddcda5ae842eb1aaa53ff863d95e842
    pristine_git_object: bf143a26f1aab14afa3b899b1ef2a7574a88919e
  src/mcp-server/tools/getPredictionPercentiles.ts:
    id: bf93d6f7db51
    last_write_checksum: sha1:ad83dc59112cb92f9116e41726afef24056c42b9
    pristine_git_object: b2c6c76b11ec5a841c00123b20a106a6f069fe2f
  src/models/errors/apierror.ts:
    id: e2280e075454
    last_write_checksum: sha1:b6927c28c3304c3afffb374d0b20e865c6bab933
    pristine_git_object: 0161870bccb8c393a5722a955f57bcf39c585c20
  src/models/errors/httpclienterrors.ts:
    id: 6948de76af99
    last_write_checksum: sha1:ecfe6470690d643550eb3f425796c18ff9311aa7
    pristine_git_object: 53bb3cfae157b89fda8e4a5b0f1dd709da82c1c9
  src/models/errors/sdkvalidationerror.ts:
    id: fb6b2b49c445
    last_write_checksum: sha1:007cf5906a9195d49150c032fc710a38bf76c074
    pristine_git_object: 6e164d3e7edbc93fa65afff3b80ecb5044c9d273
  src/models/getinsightsliquidationop.ts:
    id: de46aeb04e42
    last_write_checksum: sha1:90e71dc8cb276c75d1605a3c5472e3ed4ae12ae2
    pristine_git_object: e12b2ee0f98133811b945da1ec0a84bb4a37fa8c
  src/models/getinsightslpboundsop.ts:
    id: deaa17e70a78
    last_write_checksum: sha1:840c20fb4acfc0dc8c00664ecebb5d1b08ec4a70
    pristine_git_object: 03f51809ca7280d5933d192e102622b4cc3fc642
  src/models/getinsightslpprobabilitiesop.ts:
    id: 1e3500bc08a4
    last_write_checksum: sha1:85c96509403f42401c03224a0ffe394ec297b1c8
    pristine_git_object: 631c198a75ad3a7aea7f75f57bcb6767ef53291d
  src/models/getinsightsoptionpricingop.ts:
    id: d34ee6640bd2
    last_write_checksum: sha1:b713f3e2ca5fe3c8abc379dac02db0fc7b849a46
    pristine_git_object: 2709cbd50b9553dc7b5384172f77a792c4ed925f
  src/models/getinsightspolymarketrangeop.ts:
    id: 1e271dd44cbd
    last_write_checksum: sha1:b921876e0e6bd6321559a120f9ff3cda2215b613
    pristine_git_object: 7467d177a09cce34ad2e176b9838c1a98e4a4168
  src/models/getinsightspolymarketupdowndailyop.ts:
    id: 9454a94e059e
    last_write_checksum: sha1:474ff554b7f282978d37a759f057a5be93207b1f
    pristine_git_object: 9ebd9a700da19d4970fa2fe006971f9974538090
  src/models/getinsightspolymarketupdownhourlyop.ts:
    id: fc81f0e8562c
    last_write_checksum: sha1:df2ea211945b0853dba88948c0a55af3a211e0ee
    pristine_git_object: ff71c365efd10d489602a7cead7f60bcfa8e6c35
  src/models/getinsightsvolatilityop.ts:
    id: f0d137fb07d6
    last_write_checksum: sha1:1b79380ac662099478a36f753ea2da4ef38547c2
    pristine_git_object: 07998119d1220c9019ab38173ed34278c90618fc
  src/models/getpredictionpercentilesop.ts:
    id: cd221da1e939
    last_write_checksum: sha1:b426222ecfffd2fbb21b75982a7601a1f4824ba1
    pristine_git_object: 9903b2bb8ae738234ddb25f76602b3e9782b0d61
  src/models/typesforecast.ts:
    id: 18c02bf6f06b
    last_write_checksum: sha1:e5393e3abf2836e08febc95b3594b8fe43bc1fed
    pristine_git_object: d7710c032e985310194ced6be89cbd0384c316db
  src/models/typesforecastdatatyped.ts:
    id: 0771be3e97bb
    last_write_checksum: sha1:c98a346e5292a03ee22b8eb8ecd3e8be95e2c815
    pristine_git_object: ebd509e4ca72441f04c686a132a33a70ad322093
  src/models/typeshourlyprobability.ts:
    id: a2aa70254416
    last_write_checksum: sha1:ec5e41e02292d1fb847b91e1dc8a1fbafd7e8f65
    pristine_git_object: b275b3f46a52d30bc1e7ea4da806e7a18964bb2f
  src/models/typesinterval.ts:
    id: 013ffc72af87
    last_write_checksum: sha1:a69f67fc31a978141f3cb126a1997a5cdf2d1f19
    pristine_git_object: 833bbf9257449a4e78c53964f3a0e3da14230378
  src/models/typesintervaldata.ts:
    id: 5200cc42f571
    last_write_checksum: sha1:55ca4e2323303b965d46e2253c77dee8028e4dee
    pristine_git_object: e646882c0cd5694c4c242e4bd187048dfc5e31bd
  src/models/typesliquidationprobability.ts:
    id: 5974c841306c
    last_write_checksum: sha1:d65ab85d9fb5f125ab702bde45162872a7440101
    pristine_git_object: 2bcc8333344dc7431e5c822dd46ea6ec2a63a55b
  src/models/typesliquidationprobabilityresponse.ts:
    id: 2565d6273f57
    last_write_checksum: sha1:fd0312bd22ab88910f1ac1c86114a4b4a1220e63
    pristine_git_object: 53d9dc11790b76c07521cc49c761f03ed42ec92b
  src/models/typeslpboundsresponse.ts:
    id: 03f5f09a7b6a
    last_write_checksum: sha1:f518289526d02dae499a06205b1b4d9751c4e957
    pristine_git_object: 9ca2463cc455ab2b2c5284e53af4216d4a514502
  src/models/typeslpprobabilitiesresponse.ts:
    id: 30309d983d43
    last_write_checksum: sha1:55fd76edcc1bb8f837f1368dbba91a812a5a2ec4
    pristine_git_object: 1bd19877e79df8317eef609955e86074e8b7420c
  src/models/typesoptionpricingresponse.ts:
    id: d5cb59b03112
    last_write_checksum: sha1:90783cbfca1c42de7e1304a34246521ed5701c5f
    pristine_git_object: 87f77ba368e7a891a96e15c5fac52e065539d6cf
  src/models/typespercentiletyped.ts:
    id: c749758c8737
    last_write_checksum: sha1:a2662c2b065427f04c6cc1007f7ff092328b814c
    pristine_git_object: 38ffc3fde7eac3c4562a728a234f56e6c4ba6880
  src/models/typespolymarketupdownresponse.ts:
    id: 059d78bddc06
    last_write_checksum: sha1:5055ff2d31d51822171658b3f1883e78c45ef7b7
    pristine_git_object: bb54fa94987cbf6047c75244bf0a5189ced1f3a2
  src/models/typespredictionpercentiles.ts:
    id: f59fd7f5876e
    last_write_checksum: sha1:78a3eea5fbd4d3b0e56d14a6681605580538d08b
    pristine_git_object: 90a2dfa6b417a3054b6c9be796136e4322575e79
  src/models/typespriceprobabilitydata.ts:
    id: 2b4ccec58e5d
    last_write_checksum: sha1:9b13cd8066b02e974b89f1958b6a07e29d0db48e
    pristine_git_object: 679e2a3ad05e160d5ef64065abfe648cf3391970
  src/models/typespricerangemarket.ts:
    id: ec83cb19212a
    last_write_checksum: sha1:ab759f42c75cc3cf68ecbd5b1587f028f51a6421
    pristine_git_object: f5bb7e26de4c9c2967a33b474b44c80f740c7020
  src/models/typespricereturn.ts:
    id: 1e8d61a60be7
    last_write_checksum: sha1:5800ffeda298f34fb9304380a3eb4b2360bd07e0
    pristine_git_object: ebe7715b20b63569129363594934b58018157ed5
  src/models/typesprobabilitydirection.ts:
    id: 037f1f371e4b
    last_write_checksum: sha1:1ec48b4c0d631165b8b71ff64ead1940a5ed5ac7
    pristine_git_object: aa2ddd1b6fecad032c4d8fd57f6d4cae2667b214
  src/models/typesrealized.ts:
    id: d9cbef81ef01
    last_write_checksum: sha1:b6905ec094ca329fcdf8eecc12a00a4a171c6e8a
    pristine_git_object: 34aa03dce07a34e648838288ba564448d7ec86af
  src/models/typesstayinintervalprobability.ts:
    id: 061b0a3c4b0f
    last_write_checksum: sha1:ba5b11fc5d8cb11d071b5751bad59e099e1945be
    pristine_git_object: c0999fc3758c0d7b62b49459e1904d63f9d8d6db
  src/models/typesvolatilityresponse.ts:
    id: 92f8183f93af
    last_write_checksum: sha1:935bab112ebc5cdb96af6c22706c92d4b603d747
    pristine_git_object: 73a5f25764717694174216fd4734c72ab2a3fff1
  src/tool-names.ts:
    id: a9977280f9eb
    last_write_checksum: sha1:a3be5834e218a39f8f36d6610309f8a18785317e
    pristine_git_object: 013e52331641972e6d5ea47f22d617c3d93f0eac
  src/types/async.ts:
    id: fac8da972f86
    last_write_checksum: sha1:e2a7c53b428567587741f38e6da489f596de6227
    pristine_git_object: 634e549aca9ff3ed96d8f3e7898f78ac6d752d60
  src/types/bigint.ts:
    id: 3ca6e3280e43
    last_write_checksum: sha1:3130fff15f3d584436b78c9514213974458cb327
    pristine_git_object: df7d24f539937dc4852cdf6536b3b126b0ca69ad
  src/types/blobs.ts:
    id: f8ab9b326c86
    last_write_checksum: sha1:2660c6b17947053d8ffe05e83407c31543047a23
    pristine_git_object: 563c0c23002407ee7a470ad39406306055a1b44b
  src/types/enums.ts:
    id: 4d03ddfe5100
    last_write_checksum: sha1:d4b63948a5580aa49dbce10761cb125e69d65d9e
    pristine_git_object: 9e3ac0191e1d6c3e5032ea0c77bc95aadbe2d5dc
  src/types/fp.ts:
    id: ae9f0fb8aab6
    last_write_checksum: sha1:fcf17e51e79a8e6894d0bea905f9be991617d23a
    pristine_git_object: 7d4f9f139bcbd770fe3d0850eaa6761758311b50
  src/types/rfcdate.ts:
    id: 9eb64906dcd6
    last_write_checksum: sha1:a00ef5838da2b85c35da290dc01660845f8dbeb4
    pristine_git_object: 05a12a9ea1c818e7cb49104f009b6cc6376bac25
  src/types/streams.ts:
    id: f99be9c4bf14
    last_write_checksum: sha1:21b75828c957ee30985ddcc9f9f2704991242a58
    pristine_git_object: 88c11154994b57fb078cef64729ba329636827a9
  tsconfig.json:
    id: 61ebb9fd6e8c
    last_write_checksum: sha1:2a1769fabf9e934fa0b118db46d3b66cb500a6b7
    pristine_git_object: 0ca48942a1b9cd923d614985dfb81f0dc7e1d298
examples:
  get_/insights/liquidation:
    speakeasy-default-get-/insights/liquidation:
      responses:
        "200":
          application/json: {}
        "400":
          application/json: "<value>"
        "500":
          application/json: "<value>"
  get_/insights/lp-bounds:
    speakeasy-default-get-/insights/lp-bounds:
      responses:
        "200":
          application/json: {}
        "400":
          application/json: "<value>"
        "500":
          application/json: "<value>"
  get_/insights/lp-probabilities:
    speakeasy-default-get-/insights/lp-probabilities:
      responses:
        "200":
          application/json: {}
        "400":
          application/json: "<value>"
        "500":
          application/json: "<value>"
  get_/insights/option-pricing:
    speakeasy-default-get-/insights/option-pricing:
      responses:
        "200":
          application/json: {}
        "400":
          application/json: "<value>"
        "500":
          application/json: "<value>"
  get_/insights/polymarket/range:
    speakeasy-default-get-/insights/polymarket/range:
      responses:
        "200":
          application/json: [{}]
        "400":
          application/json: "<value>"
        "500":
          application/json: "<value>"
  get_/insights/polymarket/up-down/daily:
    speakeasy-default-get-/insights/polymarket/up-down/daily:
      responses:
        "200":
          application/json: {}
        "400":
          application/json: "<value>"
        "500":
          application/json: "<value>"
  get_/insights/polymarket/up-down/hourly:
    speakeasy-default-get-/insights/polymarket/up-down/hourly:
      responses:
        "200":
          application/json: {}
        "400":
          application/json: "<value>"
        "500":
          application/json: "<value>"
  get_/insights/volatility:
    speakeasy-default-get-/insights/volatility:
      responses:
        "200":
          application/json: {}
        "400":
          application/json: "<value>"
        "500":
          application/json: "<value>"
  get_/prediction-percentiles:
    speakeasy-default-get-/prediction-percentiles:
      responses:
        "200":
          application/json: {}
        "400":
          application/json: "<value>"
        "500":
          application/json: "<value>"
  get_/v2/leaderboard/historical:
    speakeasy-default-get-/v2-/leaderboard/historical:
      parameters:
        query:
          start_time: "<value>"
          end_time: "<value>"
      responses:
        "200":
          application/json: [{}]
        "500":
          application/json: "<value>"
  get_/v2/leaderboard/latest:
    speakeasy-default-get-/v2-/leaderboard/latest:
      responses:
        "200":
          application/json: [{}]
        "500":
          application/json: "<value>"
  get_/v2/meta-leaderboard/historical:
    speakeasy-default-get-/v2-/meta-leaderboard/historical:
      parameters:
        query:
          start_time: "<value>"
      responses:
        "200":
          application/json: [{}]
        "500":
          application/json: "<value>"
  get_/v2/meta-leaderboard/latest:
    speakeasy-default-get-/v2-/meta-leaderboard/latest:
      responses:
        "200":
          application/json: [{}]
        "500":
          application/json: "<value>"
  get_/v2/prediction/best:
    speakeasy-default-get-/v2-/prediction/best:
      parameters:
        query:
          asset: "<value>"
          time_increment: 781462
          time_length: 950220
      responses:
        "200":
          application/json: [{}]
        "400":
          application/json: "<value>"
        "404":
          application/json: "<value>"
        "500":
          application/json: "<value>"
  get_/v2/prediction/historical:
    speakeasy-default-get-/v2-/prediction/historical:
      parameters:
        query:
          miner: [832439]
          asset: "<value>"
          start_time: "<value>"
          time_increment: 606269
          time_length: 129285
      responses:
        "200":
          application/json: [{}]
        "400":
          application/json: "<value>"
        "404":
          application/json: "<value>"
        "500":
          application/json: "<value>"
  get_/v2/prediction/latest:
    speakeasy-default-get-/v2-/prediction/latest:
      parameters:
        query:
          miner: [788254]
          asset: "<value>"
          time_increment: 898904
          time_length: 662330
      responses:
        "200":
          application/json: [{}]
        "400":
          application/json: "<value>"
        "404":
          application/json: "<value>"
        "500":
          application/json: "<value>"
  get_/validation/miner:
    speakeasy-default-get-/validation/miner:
      parameters:
        query:
          uid: 488339
      responses:
        "200":
          application/json: {}
        "400":
          application/json: "<value>"
        "500":
          application/json: "<value>"
  get_/validation/scores/historical:
    speakeasy-default-get-/validation/scores/historical:
      parameters:
        query:
          from: "<value>"
          to: "<value>"
      responses:
        "200":
          application/json: [{}]
        "400":
          application/json: "<value>"
        "500":
          application/json: "<value>"
  get_/validation/scores/latest:
    speakeasy-default-get-/validation/scores/latest:
      responses:
        "200":
          application/json: [{}]
        "500":
          application/json: "<value>"
examplesVersion: 1.0.2
