lockVersion: 2.0.0
id: aefbfd95-3898-417a-81f2-07292e60b44f
management:
  docChecksum: b9e0886d63abd3dbc4218eaf489daeef
  docVersion: "1.0"
  speakeasyVersion: 1.713.1
  generationVersion: 2.821.4
  releaseVersion: 0.0.10
  configChecksum: a7391058086a665ff6bcf9430df60741
persistentEdits:
  generation_id: c6164948-9d09-4312-a4ab-7514054f2d4c
  pristine_commit_hash: 4da3ed3862eae8474f80e0943aaeb1670a976c54
  pristine_tree_hash: 1fc374003a9d9a1505638a40ac149e14b1660774
features:
  mcp-typescript:
    additionalDependencies: 0.1.0
    core: 1.2.6
    defaultEnabledRetries: 0.1.0
    globalSecurityCallbacks: 0.0.0
    globalServerURLs: 0.1.1
    responseFormat: 0.1.1
    retries: 0.1.0
    sdkHooks: 0.3.0
trackedFiles:
  .dxtignore:
    id: 0ee1c4f92736
    last_write_checksum: sha1:0cbab1b303d9060f6324f6a9cddabe13c2cfa7c9
    pristine_git_object: 21eeace1d85822ffb013f6c0667a19f35c33cee0
  .gitattributes:
    id: 24139dae6567
    last_write_checksum: sha1:26d16d8297b104945139da8c25bd38feeaad3e25
    pristine_git_object: 113eead5093c17d43a46159132885318f281a68a
  .npmignore:
    id: aa70c1f807c3
    last_write_checksum: sha1:31ba03a712796b133695c4c410504b6824e09506
    pristine_git_object: 146d4cc4e80691410519da81c141ce381d30c265
  eslint.config.mjs:
    id: 461c8d07f6da
    last_write_checksum: sha1:576025302d3d8650f37276bc9075f6ade3842cc7
    pristine_git_object: 4f9e60a9462fc4def738d60c3aaadf8232ef185f
  manifest.json:
    id: ca642a226869
    last_write_checksum: sha1:b80d3714ebffefe9bac131923c97649fe91a25ea
    pristine_git_object: 40f8b5d92d41a7a6f13c9b660a944d5f01c8eec4
  package.json:
    id: 7030d0b2f71b
    last_write_checksum: sha1:51eeaa9eabc7019d81cf27b0a064cfb66476587b
    pristine_git_object: 445a351c928b4b22466911e3360062f20fc270c4
  src/core.ts:
    id: f431fdbcd144
    last_write_checksum: sha1:b8bee26e217d2a6cef11b011884a3e6ca4fa471a
    pristine_git_object: 350b297ef7a3e282f7b6d6def78c7f6e9c20595c
  src/funcs/getInsightsLiquidation.ts:
    id: 4cbc0068023c
    last_write_checksum: sha1:238a42bfcf0984ac9fa2c4b80534b96d31381c8b
    pristine_git_object: f1c72c5c84c024a55bc217f0c6b5d56ac5050d5d
  src/funcs/getInsightsLpBounds.ts:
    id: b46e418fc124
    last_write_checksum: sha1:698dd5c39dc305be9e7a4a0590652b33961e3dea
    pristine_git_object: 70622e81eb428730cd7a5cf8adacb94694c06f35
  src/funcs/getInsightsLpProbabilities.ts:
    id: 294a644ad66c
    last_write_checksum: sha1:8fc7a4617167585a8d47144d0933c7c37e920dd4
    pristine_git_object: 472a1c64711c362679be52661d9af11c48df165f
  src/funcs/getInsightsOptionPricing.ts:
    id: 8851f887a8f2
    last_write_checksum: sha1:7e69d00751c883b52a767603c4a8ab31f5ea0e7a
    pristine_git_object: bfb0ef424c2e97f86c4cb92b6055725d8e4f1d96
  src/funcs/getInsightsPolymarketRange.ts:
    id: ca0d759efa03
    last_write_checksum: sha1:df854fca22cbe6be2e77be246e994b0908db5a87
    pristine_git_object: a1eaf7839acb2e780abea715219884e84494826a
  src/funcs/getInsightsPolymarketUpDownDaily.ts:
    id: ef191c6656c9
    last_write_checksum: sha1:44e7951f46271e4fa747dd53f21078eba80a4246
    pristine_git_object: 160d62d8d9ab931d7da4c1a1364b9927c41b0952
  src/funcs/getInsightsPolymarketUpDownHourly.ts:
    id: e9e94a5dc60c
    last_write_checksum: sha1:6a293aaf5ca61f92eafca2837eac2d4df43fb235
    pristine_git_object: 1129f80e5d70e42d52eb468dcfbf2e9e08bf6f54
  src/funcs/getInsightsVolatility.ts:
    id: a7a7c9b3a923
    last_write_checksum: sha1:16f6093bf20f2b96fc91bfdb11a518b2ac73d6e4
    pristine_git_object: 4e726a1d104297269f6cc5e6ce6275a6f2115ea3
  src/funcs/getPredictionPercentiles.ts:
    id: 16dab8c4ec54
    last_write_checksum: sha1:b6182b68a624a68040f50c124337f8167a4d085c
    pristine_git_object: 27194ba5cbb851af039433a819dc87013496f768
  src/hooks/hooks.ts:
    id: a2463fc6f69b
    last_write_checksum: sha1:36c7bf5c31e0986fba9e0f9db28a769be7904ffd
    pristine_git_object: 28c90f854c4e8bba492d873d391ea8d68ca6e009
  src/hooks/types.ts:
    id: 2a02d86ec24f
    last_write_checksum: sha1:622c2ac820271766bc4010bfc3904738c4c5ed0f
    pristine_git_object: ccd5e5d812cb4d21a1013c89f04daad9d2f72190
  src/landing-page.ts:
    id: ef64a6ee46d7
    last_write_checksum: sha1:fd21dc40bdc3c41f97165914e0939e45f1db74b6
    pristine_git_object: 6928df88fadf973afa133a611609964572eb6af6
  src/lib/base64.ts:
    id: "598522066688"
    last_write_checksum: sha1:716fa8938b85035068c8bc0586e92aa17f8e21a2
    pristine_git_object: b45f432798e2151eee7f6eb4df628b7310942c01
  src/lib/config.ts:
    id: 320761608fb3
    last_write_checksum: sha1:a4e842ae841390cf4ab2436e0da31ef6fb89307d
    pristine_git_object: 1dab3412e741e924129a3a4518de59b0a22d3ee1
  src/lib/dlv.ts:
    id: b1988214835a
    last_write_checksum: sha1:eaac763b22717206a6199104e0403ed17a4e2711
    pristine_git_object: f4c75aca30d4e0610454c7836af262a5a0cf7623
  src/lib/encodings.ts:
    id: 3bd8ead98afd
    last_write_checksum: sha1:6fbce844e6413bda897f0699082fcb783cc34315
    pristine_git_object: d8094ba6eebccd9fd99f6e8163905b8e4db3c08a
  src/lib/env.ts:
    id: c52972a3b198
    last_write_checksum: sha1:66ce84cd3327cbdfcdfc5495300bcea25bc5979f
    pristine_git_object: 035fbd660ec169895ee1069a86e6f8afb2f9c4b9
  src/lib/files.ts:
    id: e5efa54fcb95
    last_write_checksum: sha1:8818f0bb05afac75b9a39f22989296cc0722909d
    pristine_git_object: 457f4cedbcb15d70595b1d3083ee3289e8105fe2
  src/lib/http.ts:
    id: 63a80782d37e
    last_write_checksum: sha1:e60a1f9c9ffffd11bcf7fd47e51ac93f4ec1ba2d
    pristine_git_object: 326ee1a058794d1388fbb80359df9cb21e58566e
  src/lib/is-plain-object.ts:
    id: b9862591096a
    last_write_checksum: sha1:7d043eeb4ab74f94b84076f2cd455e589ad0d7c5
    pristine_git_object: 096b49bf45db19c025e039486f55c6acfb021e81
  src/lib/logger.ts:
    id: 7ee7741a02bf
    last_write_checksum: sha1:6615bc573f4a3922bb6c8cf8080142d9d8afd1ef
    pristine_git_object: 323f1895a0266be873f16a924dd58fa500dc97e5
  src/lib/primitives.ts:
    id: 74859f750b28
    last_write_checksum: sha1:6e736987cdaa38fc76c18eba0cdc35bef102bb71
    pristine_git_object: 8d6cffcba5157f4c7949e59f9f0308adbbb50dea
  src/lib/result.ts:
    id: ab7a4c1c4c71
    last_write_checksum: sha1:340784be0370913e690ee044b6b872b526d80b55
    pristine_git_object: 6b5dcf6034b947b7fc8c0e556adaf0d5c521049d
  src/lib/retries.ts:
    id: b24a69d15639
    last_write_checksum: sha1:016edbbc4d9ac3b0be7760e034334e7bd7283a77
    pristine_git_object: 0059a5eb667527ef7ec58c24c9f95b634f3c992f
  src/lib/schemas.ts:
    id: deb4b531fae1
    last_write_checksum: sha1:535b186219f7ab21771f0df73026d3724537f03b
    pristine_git_object: c05ed79db28f51121a621e195842e64aaf85f755
  src/lib/sdks.ts:
    id: 8a6d91f1218d
    last_write_checksum: sha1:4833542869a29b9480ad0c4aeaa679d7090b78c4
    pristine_git_object: 75204e6561c1fda610676125a4456596983529fd
  src/lib/security.ts:
    id: 0502afa7922e
    last_write_checksum: sha1:04b46caaf72acc1c73748bcb54ba0909e115f0a4
    pristine_git_object: 5297ee335e025685540f559054b08c929937ff68
  src/lib/url.ts:
    id: b0057e24ed76
    last_write_checksum: sha1:f4b6ce0ff024f800fa438fb082f8f7faae50172c
    pristine_git_object: 46b8b36297b90de55ad6a273f6cc26e4cb227261
  src/mcp-server/build.mts:
    id: f7a2ed2de4d7
    last_write_checksum: sha1:9f98fe2b333bd6211cfffa008a9b6ee95d523596
    pristine_git_object: e8114fbaed6521c628b7cf58a22cdb65e61a5483
  src/mcp-server/cli.ts:
    id: 4ade0ef98b00
    last_write_checksum: sha1:328ffc5ed0eca56509bf2828264c3b2c87926e09
    pristine_git_object: ed4a1808d7da14f0f0bb0cf27cc7eb7414a3182c
  src/mcp-server/cli/start/command.ts:
    id: b3e53408ccb4
    last_write_checksum: sha1:8201bb27d0a8ade03cf07d2428da4bcd4c19de89
    pristine_git_object: 6daa70b595cfd2c92b076cd14005f115c592af8d
  src/mcp-server/cli/start/impl.ts:
    id: 37494f674015
    last_write_checksum: sha1:6650a8adef658382b1565aabc30afc02697cb25f
    pristine_git_object: 797556d522b778632561303e57d45d8f4c98cfbe
  src/mcp-server/console-logger.ts:
    id: 57aff4ff2e15
    last_write_checksum: sha1:92b145078aa234abdc2523fe335a6fab14423a6d
    pristine_git_object: f063cef82b992553f4d9dc87a88202726df01be9
  src/mcp-server/extensions.ts:
    id: 3d9d20ff158f
    last_write_checksum: sha1:51ad5c4f9db1bd812cdd8270001773ac13b30353
    pristine_git_object: d0ea2e4a0dda5e6e3f692eb41a69de174eb66d89
  src/mcp-server/flags.ts:
    id: 0167e624a516
    last_write_checksum: sha1:683bccca17ad0765766b3789c01b325ca2b4ff11
    pristine_git_object: cdc4b29578f38417d67b16a5866460c43c9b81a6
  src/mcp-server/mcp-server.ts:
    id: aabbc4ab07c1
    last_write_checksum: sha1:363b4d33e4192a00b0af194c6d2e2c1951ae7374
    pristine_git_object: be2f10dcf6409f543335ee65a4732cc804aa1844
  src/mcp-server/prompts.ts:
    id: 26f3d73cbf31
    last_write_checksum: sha1:73fbd9fa7c8c4c8be08b0ae4de74243fb225ce92
    pristine_git_object: cdd76a9b0ca4561a25c4fd68ccb9aa9867dcd2ec
  src/mcp-server/resources.ts:
    id: cb0c57ebeaea
    last_write_checksum: sha1:ab4192da37b7a0f4174ba685bb8a63b4b5353f24
    pristine_git_object: dacbd84f884ace44cf40b95af77a2c73b8efba70
  src/mcp-server/scopes.ts:
    id: 8966d24256b2
    last_write_checksum: sha1:5d7f452efc469fe7a5039f5542caaaee43a6667f
    pristine_git_object: 524b864b4a0d515386ff3f42ed22463827039c06
  src/mcp-server/server.ts:
    id: 2784dd48e82a
    last_write_checksum: sha1:9bdd0a1bb1251a9b29aa4a2115ff47e27e5bb466
    pristine_git_object: 55419d8719e4bd26d98646198c3c02cac308419c
  src/mcp-server/shared.ts:
    id: 074e80d4be1e
    last_write_checksum: sha1:89d816c34ea71049cbf484f9704239e5372858f1
    pristine_git_object: de2973d0d371eb329d41e23de6da3c0b04524ec6
  src/mcp-server/tools.ts:
    id: 654d5d1f2062
    last_write_checksum: sha1:475641ec228d72660d1442c661b82683f76bb313
    pristine_git_object: 06096329a74a12b7a97d4332918cbb88e6783ac6
  src/mcp-server/tools/getInsightsLiquidation.ts:
    id: 836207daae21
    last_write_checksum: sha1:0d53d59ab1e2b960c4e4f17e885aa6b6a3fe2f5f
    pristine_git_object: 92061b8ad10b89397684caac12c84ef4c4fcbdb5
  src/mcp-server/tools/getInsightsLpBounds.ts:
    id: dfed045b7d32
    last_write_checksum: sha1:3c900562e05c23cb54253d5852ffd7f1972dec3c
    pristine_git_object: 03957dfc0ea54abaf0efd9b3a82b6be76f0f2726
  src/mcp-server/tools/getInsightsLpProbabilities.ts:
    id: 36dd8388723b
    last_write_checksum: sha1:2d4604910c398dccacaec18ee7ecea4a897f2349
    pristine_git_object: 8f6274504fecc8959857ec2c7b6439a15442b077
  src/mcp-server/tools/getInsightsOptionPricing.ts:
    id: 87a055b0d027
    last_write_checksum: sha1:5820c408b79aeaf5ea09397393616068acc5c70a
    pristine_git_object: c0269252c5b1d5d641c3136034c553e039e06003
  src/mcp-server/tools/getInsightsPolymarketRange.ts:
    id: 1eb8cd660eb1
    last_write_checksum: sha1:af324c781afc8ea8200de9c30c6d8ea691e98c89
    pristine_git_object: 5f5ff626689ac4b0459921ddaaa67bcd7c252677
  src/mcp-server/tools/getInsightsPolymarketUpDownDaily.ts:
    id: 68d48f874d49
    last_write_checksum: sha1:b0cc4f36c500607fa6e20935bb8bca9f0a61b467
    pristine_git_object: 606378136e534ce566636ebc0a987747247840fc
  src/mcp-server/tools/getInsightsPolymarketUpDownHourly.ts:
    id: f9c78bf6a832
    last_write_checksum: sha1:70c6693e4152b6217192f77342a485a3d8254ca7
    pristine_git_object: 5b7d33f07eab83d0ea350bdcd77f901d2b2e59f8
  src/mcp-server/tools/getInsightsVolatility.ts:
    id: 236e430e069f
    last_write_checksum: sha1:377e060a9607fdfc13cf89af0be968d221ee24d1
    pristine_git_object: b09cdc76b40e1cf7f9efccfb2796668ca4bd4900
  src/mcp-server/tools/getPredictionPercentiles.ts:
    id: bf93d6f7db51
    last_write_checksum: sha1:2ac34118b3a2d17c0e9671115e3c6563b549ab12
    pristine_git_object: 085dd6af7048d1468f2602eac959e5a5e8648f5d
  src/models/errors/apierror.ts:
    id: e2280e075454
    last_write_checksum: sha1:b6927c28c3304c3afffb374d0b20e865c6bab933
    pristine_git_object: 0161870bccb8c393a5722a955f57bcf39c585c20
  src/models/errors/httpclienterrors.ts:
    id: 6948de76af99
    last_write_checksum: sha1:ecfe6470690d643550eb3f425796c18ff9311aa7
    pristine_git_object: 53bb3cfae157b89fda8e4a5b0f1dd709da82c1c9
  src/models/errors/sdkvalidationerror.ts:
    id: fb6b2b49c445
    last_write_checksum: sha1:007cf5906a9195d49150c032fc710a38bf76c074
    pristine_git_object: 6e164d3e7edbc93fa65afff3b80ecb5044c9d273
  src/models/getinsightsliquidationop.ts:
    id: de46aeb04e42
    last_write_checksum: sha1:bd4e274bc079f4b741c04bbf3442af73fe6f9a2b
    pristine_git_object: 03dec4bc7a0e6a3d85307a2b93347ace6b770f94
  src/models/getinsightslpboundsop.ts:
    id: deaa17e70a78
    last_write_checksum: sha1:239ad621bead80266012601c6f52543252f57614
    pristine_git_object: 3da0fba07a3b36ee9c9d0f43e00e1708043f6902
  src/models/getinsightslpprobabilitiesop.ts:
    id: 1e3500bc08a4
    last_write_checksum: sha1:a811b7798aa5b1da386505b4d0a530f5da547f2b
    pristine_git_object: 7915034a5379a39fac00d6372b94ea5d42cfe915
  src/models/getinsightsoptionpricingop.ts:
    id: d34ee6640bd2
    last_write_checksum: sha1:4143e4c2695a34c029e5085f3ee79e9b9af75229
    pristine_git_object: e295884dcd9d2473e9bdcf46a788fc80f64e7604
  src/models/getinsightspolymarketrangeop.ts:
    id: 1e271dd44cbd
    last_write_checksum: sha1:2518119acf711529273fdc7d7af7e242aac7f6dd
    pristine_git_object: aa1ab1db81387b1b45760e47e01fbe4015f738e6
  src/models/getinsightspolymarketupdowndailyop.ts:
    id: 9454a94e059e
    last_write_checksum: sha1:a71e448872c188b080c1e60d781b5dc31cfc85c5
    pristine_git_object: 3c4fc19c6d7a2859c32bf3dd580265548c42f92a
  src/models/getinsightspolymarketupdownhourlyop.ts:
    id: fc81f0e8562c
    last_write_checksum: sha1:b37366912ecd063400d94b891f014bc8925270ca
    pristine_git_object: bef422458567df66fcba16080ab836c04b3e6994
  src/models/getinsightsvolatilityop.ts:
    id: f0d137fb07d6
    last_write_checksum: sha1:5ef093cd1310e74908140fbb3c7e0af5fb51f608
    pristine_git_object: f59ab292b79f291df67c5a5a8d63a71d36c132b6
  src/models/getpredictionpercentilesop.ts:
    id: cd221da1e939
    last_write_checksum: sha1:495990d15d64bf738575f8f27040d7c053e2fd17
    pristine_git_object: f38faee3cd6e02962cad4bde27f8287dc9ba6ac4
  src/models/typesforecast.ts:
    id: 18c02bf6f06b
    last_write_checksum: sha1:e5393e3abf2836e08febc95b3594b8fe43bc1fed
    pristine_git_object: d7710c032e985310194ced6be89cbd0384c316db
  src/models/typesforecastdatatyped.ts:
    id: 0771be3e97bb
    last_write_checksum: sha1:c98a346e5292a03ee22b8eb8ecd3e8be95e2c815
    pristine_git_object: ebd509e4ca72441f04c686a132a33a70ad322093
  src/models/typeshourlyprobability.ts:
    id: a2aa70254416
    last_write_checksum: sha1:d409910315a3b5642e57d6311f4b49c839bd63a8
    pristine_git_object: 19d1b8e3e957b81711bbbc80d3f27e328879289f
  src/models/typesinterval.ts:
    id: 013ffc72af87
    last_write_checksum: sha1:a69f67fc31a978141f3cb126a1997a5cdf2d1f19
    pristine_git_object: 833bbf9257449a4e78c53964f3a0e3da14230378
  src/models/typesintervaldata.ts:
    id: 5200cc42f571
    last_write_checksum: sha1:55ca4e2323303b965d46e2253c77dee8028e4dee
    pristine_git_object: e646882c0cd5694c4c242e4bd187048dfc5e31bd
  src/models/typesliquidationprobability.ts:
    id: 5974c841306c
    last_write_checksum: sha1:d65ab85d9fb5f125ab702bde45162872a7440101
    pristine_git_object: 2bcc8333344dc7431e5c822dd46ea6ec2a63a55b
  src/models/typesliquidationprobabilityresponse.ts:
    id: 2565d6273f57
    last_write_checksum: sha1:fd0312bd22ab88910f1ac1c86114a4b4a1220e63
    pristine_git_object: 53d9dc11790b76c07521cc49c761f03ed42ec92b
  src/models/typeslpboundsresponse.ts:
    id: 03f5f09a7b6a
    last_write_checksum: sha1:f518289526d02dae499a06205b1b4d9751c4e957
    pristine_git_object: 9ca2463cc455ab2b2c5284e53af4216d4a514502
  src/models/typeslpprobabilitiesresponse.ts:
    id: 30309d983d43
    last_write_checksum: sha1:55fd76edcc1bb8f837f1368dbba91a812a5a2ec4
    pristine_git_object: 1bd19877e79df8317eef609955e86074e8b7420c
  src/models/typesoptionpricingresponse.ts:
    id: d5cb59b03112
    last_write_checksum: sha1:90783cbfca1c42de7e1304a34246521ed5701c5f
    pristine_git_object: 87f77ba368e7a891a96e15c5fac52e065539d6cf
  src/models/typespercentiletyped.ts:
    id: c749758c8737
    last_write_checksum: sha1:4ba2a2c753c9182b84c7df74a6355b1d96ab1954
    pristine_git_object: 9d99cb0b8e053606f830def27d78d567768abe95
  src/models/typespolymarketupdownresponse.ts:
    id: 059d78bddc06
    last_write_checksum: sha1:5055ff2d31d51822171658b3f1883e78c45ef7b7
    pristine_git_object: bb54fa94987cbf6047c75244bf0a5189ced1f3a2
  src/models/typespredictionpercentiles.ts:
    id: f59fd7f5876e
    last_write_checksum: sha1:78a3eea5fbd4d3b0e56d14a6681605580538d08b
    pristine_git_object: 90a2dfa6b417a3054b6c9be796136e4322575e79
  src/models/typespriceprobabilitydata.ts:
    id: 2b4ccec58e5d
    last_write_checksum: sha1:9b13cd8066b02e974b89f1958b6a07e29d0db48e
    pristine_git_object: 679e2a3ad05e160d5ef64065abfe648cf3391970
  src/models/typespricerangemarket.ts:
    id: ec83cb19212a
    last_write_checksum: sha1:ab759f42c75cc3cf68ecbd5b1587f028f51a6421
    pristine_git_object: f5bb7e26de4c9c2967a33b474b44c80f740c7020
  src/models/typespricereturn.ts:
    id: 1e8d61a60be7
    last_write_checksum: sha1:5800ffeda298f34fb9304380a3eb4b2360bd07e0
    pristine_git_object: ebe7715b20b63569129363594934b58018157ed5
  src/models/typesprobabilitydirection.ts:
    id: 037f1f371e4b
    last_write_checksum: sha1:1ec48b4c0d631165b8b71ff64ead1940a5ed5ac7
    pristine_git_object: aa2ddd1b6fecad032c4d8fd57f6d4cae2667b214
  src/models/typesrealized.ts:
    id: d9cbef81ef01
    last_write_checksum: sha1:b6905ec094ca329fcdf8eecc12a00a4a171c6e8a
    pristine_git_object: 34aa03dce07a34e648838288ba564448d7ec86af
  src/models/typesstayinintervalprobability.ts:
    id: 061b0a3c4b0f
    last_write_checksum: sha1:ba5b11fc5d8cb11d071b5751bad59e099e1945be
    pristine_git_object: c0999fc3758c0d7b62b49459e1904d63f9d8d6db
  src/models/typesvolatilityresponse.ts:
    id: 92f8183f93af
    last_write_checksum: sha1:935bab112ebc5cdb96af6c22706c92d4b603d747
    pristine_git_object: 73a5f25764717694174216fd4734c72ab2a3fff1
  src/tool-names.ts:
    id: a9977280f9eb
    last_write_checksum: sha1:7ec01cede25dc5fe4da1561a6b55f985576108d4
    pristine_git_object: d3f6d826f78807c218e643d83ddbaf3780222a15
  src/types/async.ts:
    id: fac8da972f86
    last_write_checksum: sha1:e2a7c53b428567587741f38e6da489f596de6227
    pristine_git_object: 634e549aca9ff3ed96d8f3e7898f78ac6d752d60
  src/types/bigint.ts:
    id: 3ca6e3280e43
    last_write_checksum: sha1:3130fff15f3d584436b78c9514213974458cb327
    pristine_git_object: df7d24f539937dc4852cdf6536b3b126b0ca69ad
  src/types/blobs.ts:
    id: f8ab9b326c86
    last_write_checksum: sha1:2660c6b17947053d8ffe05e83407c31543047a23
    pristine_git_object: 563c0c23002407ee7a470ad39406306055a1b44b
  src/types/enums.ts:
    id: 4d03ddfe5100
    last_write_checksum: sha1:d4b63948a5580aa49dbce10761cb125e69d65d9e
    pristine_git_object: 9e3ac0191e1d6c3e5032ea0c77bc95aadbe2d5dc
  src/types/fp.ts:
    id: ae9f0fb8aab6
    last_write_checksum: sha1:fcf17e51e79a8e6894d0bea905f9be991617d23a
    pristine_git_object: 7d4f9f139bcbd770fe3d0850eaa6761758311b50
  src/types/rfcdate.ts:
    id: 9eb64906dcd6
    last_write_checksum: sha1:a00ef5838da2b85c35da290dc01660845f8dbeb4
    pristine_git_object: 05a12a9ea1c818e7cb49104f009b6cc6376bac25
  src/types/streams.ts:
    id: f99be9c4bf14
    last_write_checksum: sha1:21b75828c957ee30985ddcc9f9f2704991242a58
    pristine_git_object: 88c11154994b57fb078cef64729ba329636827a9
  tsconfig.json:
    id: 61ebb9fd6e8c
    last_write_checksum: sha1:2a1769fabf9e934fa0b118db46d3b66cb500a6b7
    pristine_git_object: 0ca48942a1b9cd923d614985dfb81f0dc7e1d298
examples:
  get_/insights/liquidation:
    speakeasy-default-get-/insights/liquidation:
      responses:
        "200":
          application/json: {}
        "400":
          application/json: "<value>"
        "500":
          application/json: "<value>"
  get_/insights/lp-bounds:
    speakeasy-default-get-/insights/lp-bounds:
      responses:
        "200":
          application/json: {}
        "400":
          application/json: "<value>"
        "500":
          application/json: "<value>"
  get_/insights/lp-probabilities:
    speakeasy-default-get-/insights/lp-probabilities:
      responses:
        "200":
          application/json: {}
        "400":
          application/json: "<value>"
        "500":
          application/json: "<value>"
  get_/insights/option-pricing:
    speakeasy-default-get-/insights/option-pricing:
      responses:
        "200":
          application/json: {}
        "400":
          application/json: "<value>"
        "500":
          application/json: "<value>"
  get_/insights/polymarket/range:
    speakeasy-default-get-/insights/polymarket/range:
      responses:
        "200":
          application/json: [{}]
        "400":
          application/json: "<value>"
        "500":
          application/json: "<value>"
  get_/insights/polymarket/up-down/daily:
    speakeasy-default-get-/insights/polymarket/up-down/daily:
      responses:
        "200":
          application/json: {}
        "400":
          application/json: "<value>"
        "500":
          application/json: "<value>"
  get_/insights/polymarket/up-down/hourly:
    speakeasy-default-get-/insights/polymarket/up-down/hourly:
      responses:
        "200":
          application/json: {}
        "400":
          application/json: "<value>"
        "500":
          application/json: "<value>"
  get_/insights/volatility:
    speakeasy-default-get-/insights/volatility:
      responses:
        "200":
          application/json: {}
        "400":
          application/json: "<value>"
        "500":
          application/json: "<value>"
  get_/prediction-percentiles:
    speakeasy-default-get-/prediction-percentiles:
      responses:
        "200":
          application/json: {}
        "400":
          application/json: "<value>"
        "500":
          application/json: "<value>"
  get_/v2/leaderboard/historical:
    speakeasy-default-get-/v2-/leaderboard/historical:
      parameters:
        query:
          start_time: "<value>"
          end_time: "<value>"
      responses:
        "200":
          application/json: [{}]
        "500":
          application/json: "<value>"
  get_/v2/leaderboard/latest:
    speakeasy-default-get-/v2-/leaderboard/latest:
      responses:
        "200":
          application/json: [{}]
        "500":
          application/json: "<value>"
  get_/v2/meta-leaderboard/historical:
    speakeasy-default-get-/v2-/meta-leaderboard/historical:
      parameters:
        query:
          start_time: "<value>"
      responses:
        "200":
          application/json: [{}]
        "500":
          application/json: "<value>"
  get_/v2/meta-leaderboard/latest:
    speakeasy-default-get-/v2-/meta-leaderboard/latest:
      responses:
        "200":
          application/json: [{}]
        "500":
          application/json: "<value>"
  get_/v2/prediction/best:
    speakeasy-default-get-/v2-/prediction/best:
      parameters:
        query:
          asset: "<value>"
          time_increment: 781462
          time_length: 950220
      responses:
        "200":
          application/json: [{}]
        "400":
          application/json: "<value>"
        "404":
          application/json: "<value>"
        "500":
          application/json: "<value>"
  get_/v2/prediction/historical:
    speakeasy-default-get-/v2-/prediction/historical:
      parameters:
        query:
          miner: [832439]
          asset: "<value>"
          start_time: "<value>"
          time_increment: 606269
          time_length: 129285
      responses:
        "200":
          application/json: [{}]
        "400":
          application/json: "<value>"
        "404":
          application/json: "<value>"
        "500":
          application/json: "<value>"
  get_/v2/prediction/latest:
    speakeasy-default-get-/v2-/prediction/latest:
      parameters:
        query:
          miner: [788254]
          asset: "<value>"
          time_increment: 898904
          time_length: 662330
      responses:
        "200":
          application/json: [{}]
        "400":
          application/json: "<value>"
        "404":
          application/json: "<value>"
        "500":
          application/json: "<value>"
  get_/validation/miner:
    speakeasy-default-get-/validation/miner:
      parameters:
        query:
          uid: 488339
      responses:
        "200":
          application/json: {}
        "400":
          application/json: "<value>"
        "500":
          application/json: "<value>"
  get_/validation/scores/historical:
    speakeasy-default-get-/validation/scores/historical:
      parameters:
        query:
          from: "<value>"
          to: "<value>"
      responses:
        "200":
          application/json: [{}]
        "400":
          application/json: "<value>"
        "500":
          application/json: "<value>"
  get_/validation/scores/latest:
    speakeasy-default-get-/validation/scores/latest:
      responses:
        "200":
          application/json: [{}]
        "500":
          application/json: "<value>"
examplesVersion: 1.0.2
