speakeasyVersion: 1.757.1
sources:
    Synth API:
        sourceNamespace: synth-mcp
        sourceRevisionDigest: sha256:a892598c2525923a3f625e5af7da2c84ad1ba541c0430086c29680f8eb354bbf
        sourceBlobDigest: sha256:63644bfafe21b082494a0b335d1b606dbc377a8e393164f69cb182c73eb193c4
        tags:
            - latest
            - "1.0"
targets:
    synth:
        source: Synth API
        sourceNamespace: synth-mcp
        sourceRevisionDigest: sha256:a892598c2525923a3f625e5af7da2c84ad1ba541c0430086c29680f8eb354bbf
        sourceBlobDigest: sha256:63644bfafe21b082494a0b335d1b606dbc377a8e393164f69cb182c73eb193c4
workflow:
    workflowVersion: 1.0.0
    speakeasyVersion: latest
    sources:
        Synth API:
            inputs:
                - location: .speakeasy/in.openapi.yaml
            output: .speakeasy/out.openapi.yaml
            registry:
                location: registry.speakeasyapi.dev/synth-data/synthdata/synth-mcp
    targets:
        synth:
            target: mcp-typescript
            source: Synth API
