speakeasyVersion: 1.731.1
sources:
    Synth API:
        sourceNamespace: synth-mcp
        sourceRevisionDigest: sha256:eb3c2c782316b353fa767f354d3768d4f00aaa1a070ba0d99bb56ab9a42cfb04
        sourceBlobDigest: sha256:c643d2726330c899aa2d17d6e6320fd96e8373472eb0dc62bd7323b68bb00820
        tags:
            - latest
            - "1.0"
targets:
    synth:
        source: Synth API
        sourceNamespace: synth-mcp
        sourceRevisionDigest: sha256:eb3c2c782316b353fa767f354d3768d4f00aaa1a070ba0d99bb56ab9a42cfb04
        sourceBlobDigest: sha256:c643d2726330c899aa2d17d6e6320fd96e8373472eb0dc62bd7323b68bb00820
workflow:
    workflowVersion: 1.0.0
    speakeasyVersion: latest
    sources:
        Synth API:
            inputs:
                - location: .speakeasy/in.openapi.yaml
            output: .speakeasy/out.openapi.yaml
            registry:
                location: registry.speakeasyapi.dev/synth-data/synthdata/synth-mcp
    targets:
        synth:
            target: mcp-typescript
            source: Synth API
